{
  "name": "guardian-install-script-fixture",
  "version": "1.0.0",
  "lockfileVersion": 3,
  "requires": true,
  "packages": {
    "": {
      "name": "guardian-install-script-fixture",
      "version": "1.0.0",
      "dependencies": {
        "fixture-package": "1.0.0"
      }
    },
    "node_modules/fixture-package": {
      "version": "1.0.0",
      "resolved": "https://registry.npmjs.org/fixture-package/-/fixture-package-1.0.0.tgz",
      "integrity": "sha512-fixture"
    }
  }
}
