version = 1
revision = 3
requires-python = ">=3.10"

[[package]]
name = "cryptowallet-safety"
version = "0.1.0"
source = { registry = "https://pypi.org/simple" }

[[package]]
name = "uv-lock-fixture"
version = "0.1.0"
source = { editable = "." }
dependencies = [
    { name = "cryptowallet-safety" },
]
