{
  "name": "package-diet-vendor-fixture",
  "lockfileVersion": 3,
  "packages": {
    "": {
      "dependencies": {
        "gpl-helper": "1.0.0",
        "heavy-helper": "1.0.0",
        "tiny-helper": "1.0.0"
      }
    },
    "node_modules/gpl-helper": {
      "version": "1.0.0",
      "license": "GPL-3.0-only"
    },
    "node_modules/heavy-helper": {
      "version": "1.0.0",
      "license": "MIT",
      "dependencies": {
        "heavy-child": "1.0.0"
      }
    },
    "node_modules/heavy-child": {
      "version": "1.0.0",
      "license": "MIT"
    },
    "node_modules/tiny-helper": {
      "version": "1.0.0",
      "license": "ISC"
    }
  }
}
